
Microsoft Visual Studio Solution File, Format Version 12.00
# Visual Studio Version 17
VisualStudioVersion = 17.1.31911.260
MinimumVisualStudioVersion = 10.0.40219.1
Project("{FAE04EC0-301F-11D3-BF4B-00C04F79EFBC}") = "UNI.Gioiaspa.API", "UNI.Gioiaspa.API\UNI.Gioiaspa.API.csproj", "{83F2AF3A-88BC-4675-9FE4-ECB22D071927}"
EndProject
Global
	GlobalSection(SolutionConfigurationPlatforms) = preSolution
		Debug|Any CPU = Debug|Any CPU
		Release|Any CPU = Release|Any CPU
	EndGlobalSection
	GlobalSection(ProjectConfigurationPlatforms) = postSolution
		{83F2AF3A-88BC-4675-9FE4-ECB22D071927}.Debug|Any CPU.ActiveCfg = Debug|Any CPU
		{83F2AF3A-88BC-4675-9FE4-ECB22D071927}.Debug|Any CPU.Build.0 = Debug|Any CPU
		{83F2AF3A-88BC-4675-9FE4-ECB22D071927}.Release|Any CPU.ActiveCfg = Release|Any CPU
		{83F2AF3A-88BC-4675-9FE4-ECB22D071927}.Release|Any CPU.Build.0 = Release|Any CPU
	EndGlobalSection
	GlobalSection(SolutionProperties) = preSolution
		HideSolutionNode = FALSE
	EndGlobalSection
	GlobalSection(ExtensibilityGlobals) = postSolution
		SolutionGuid = {76D42918-96E7-47AD-8E57-302A174B161B}
	EndGlobalSection
EndGlobal
